{
  "name": "xlsx2json",
  "version": "1.0.0",
  "lockfileVersion": 3,
  "requires": true,
  "packages": {
    "": {
      "name": "xlsx2json",
      "version": "1.0.0",
      "license": "MIT",
      "dependencies": {
        "xlsxtream": "^2.0.0"
      }
    },
    "node_modules/node-stream-zip": {
      "version": "1.15.0",
      "resolved": "https://registry.npmjs.org/node-stream-zip/-/node-stream-zip-1.15.0.tgz",
      "integrity": "sha512-LN4fydt9TqhZhThkZIVQnF9cwjU3qmUH9h78Mx/K7d3VvfRqqwthLwJEUOEL0QPZ0XQmNN7be5Ggit5+4dq3Bw==",
      "engines": {
        "node": ">=0.12.0"
      },
      "funding": {
        "type": "github",
        "url": "https://github.com/sponsors/antelle"
      }
    },
    "node_modules/string-escape-map": {
      "version": "1.0.3",
      "resolved": "https://registry.npmjs.org/string-escape-map/-/string-escape-map-1.0.3.tgz",
      "integrity": "sha512-FKbTrOekx/hS+LBs5MkjX/vZQhJ1nTtV2A1CLRTH4dka2EAI7T3UayrlUB/0RYrB7Tnj1KiFbDIUoY4k2SRsqw=="
    },
    "node_modules/unzippo": {
      "version": "1.0.2",
      "resolved": "https://registry.npmjs.org/unzippo/-/unzippo-1.0.2.tgz",
      "integrity": "sha512-vTqWWgkZw1tEITNsPOc3j0y4YLbNpPVMHfRxbW4MsEJhzfNvCBP9tOtdKNHd1aFhM+qzht9ncfDurGemSLM3dA==",
      "dependencies": {
        "node-stream-zip": "^1.8.2"
      }
    },
    "node_modules/xlsxtream": {
      "version": "2.0.0",
      "resolved": "https://registry.npmjs.org/xlsxtream/-/xlsxtream-2.0.0.tgz",
      "integrity": "sha512-HHIv7+BuTfzwJPOi9eqikQ9UTdUPoHPysCNTMjQnBg4sNYz+gpuJbm165QQaHsqbLIKTaTZQpaEsP82vwChpDg==",
      "dependencies": {
        "unzippo": "^1.0.2",
        "xml-toolkit": "^1.0.36"
      }
    },
    "node_modules/xml-toolkit": {
      "version": "1.0.36",
      "resolved": "https://registry.npmjs.org/xml-toolkit/-/xml-toolkit-1.0.36.tgz",
      "integrity": "sha512-pbUI+HYuavc+SlSgHZnsYdfMg4ZcY4LUWsVbr8qnBQvv8hpggwo5AfwAYY/u9Ju3xk2LiYmRwC4TV/ybrGsCTQ==",
      "dependencies": {
        "string-escape-map": "^1.0.0"
      }
    }
  }
}
